# This file is automatically @generated by Cargo.
# It is not intended for manual editing.
version = 3

[[package]]
name = "rust-demo-use"
version = "0.1.0"
dependencies = [
 "rust-lib-01",
]

[[package]]
name = "rust-lib-01"
version = "0.1.2"
source = "git+https://github.com/mitchallen/rust-lib-01.git?tag=v0.1.2#7f81a9a1ccbdf6372eafd9668c5689a999724761"
