# This file is automatically @generated by Cargo.
# It is not intended for manual editing.
version = 3

[[package]]
name = "rust-demo-use"
version = "0.1.0"
dependencies = [
 "rust-lib-01",
]

[[package]]
name = "rust-lib-01"
version = "0.1.0"
source = "git+https://github.com/mitchallen/rust-lib-01.git?tag=v0.1.0#1657de6f986548c0b8d046a0f8c8669e170aa95b"
